
Microsoft Visual Studio Solution File, Format Version 12.00
# Visual Studio Version 16
VisualStudioVersion = 16.0.30804.86
MinimumVisualStudioVersion = 10.0.40219.1
Project("{FAE04EC0-301F-11D3-BF4B-00C04F79EFBC}") = "ClearoneCameraControl", "ClearoneCameraControl\ClearoneCameraControl.csproj", "{90A103BF-7741-4474-9B1F-3944D05B748E}"
EndProject
Global
	GlobalSection(SolutionConfigurationPlatforms) = preSolution
		Debug|Any CPU = Debug|Any CPU
		Release|Any CPU = Release|Any CPU
	EndGlobalSection
	GlobalSection(ProjectConfigurationPlatforms) = postSolution
		{90A103BF-7741-4474-9B1F-3944D05B748E}.Debug|Any CPU.ActiveCfg = Debug|Any CPU
		{90A103BF-7741-4474-9B1F-3944D05B748E}.Debug|Any CPU.Build.0 = Debug|Any CPU
		{90A103BF-7741-4474-9B1F-3944D05B748E}.Release|Any CPU.ActiveCfg = Release|Any CPU
		{90A103BF-7741-4474-9B1F-3944D05B748E}.Release|Any CPU.Build.0 = Release|Any CPU
	EndGlobalSection
	GlobalSection(SolutionProperties) = preSolution
		HideSolutionNode = FALSE
	EndGlobalSection
	GlobalSection(ExtensibilityGlobals) = postSolution
		SolutionGuid = {D7DCB3DA-AF18-4E2A-90A8-9DA64C2D0555}
	EndGlobalSection
EndGlobal
